
Microsoft Visual Studio Solution File, Format Version 12.00
# Visual Studio Version 17
VisualStudioVersion = 17.7.34009.444
MinimumVisualStudioVersion = 10.0.40219.1
Project("{FAE04EC0-301F-11D3-BF4B-00C04F79EFBC}") = "Tiendita", "Tiendita.csproj", "{58CC31EF-18CD-4D2F-980A-29D4ED4CB292}"
EndProject
Project("{FAE04EC0-301F-11D3-BF4B-00C04F79EFBC}") = "Tiendita.API", "..\Tiendita.API\Tiendita.API.csproj", "{F5D03CEF-6868-4B3F-A1AD-0A2541AD39E2}"
EndProject
Global
	GlobalSection(SolutionConfigurationPlatforms) = preSolution
		Debug|Any CPU = Debug|Any CPU
		Release|Any CPU = Release|Any CPU
	EndGlobalSection
	GlobalSection(ProjectConfigurationPlatforms) = postSolution
		{58CC31EF-18CD-4D2F-980A-29D4ED4CB292}.Debug|Any CPU.ActiveCfg = Debug|Any CPU
		{58CC31EF-18CD-4D2F-980A-29D4ED4CB292}.Debug|Any CPU.Build.0 = Debug|Any CPU
		{58CC31EF-18CD-4D2F-980A-29D4ED4CB292}.Debug|Any CPU.Deploy.0 = Debug|Any CPU
		{58CC31EF-18CD-4D2F-980A-29D4ED4CB292}.Release|Any CPU.ActiveCfg = Release|Any CPU
		{58CC31EF-18CD-4D2F-980A-29D4ED4CB292}.Release|Any CPU.Build.0 = Release|Any CPU
		{58CC31EF-18CD-4D2F-980A-29D4ED4CB292}.Release|Any CPU.Deploy.0 = Release|Any CPU
		{F5D03CEF-6868-4B3F-A1AD-0A2541AD39E2}.Debug|Any CPU.ActiveCfg = Debug|Any CPU
		{F5D03CEF-6868-4B3F-A1AD-0A2541AD39E2}.Debug|Any CPU.Build.0 = Debug|Any CPU
		{F5D03CEF-6868-4B3F-A1AD-0A2541AD39E2}.Release|Any CPU.ActiveCfg = Release|Any CPU
		{F5D03CEF-6868-4B3F-A1AD-0A2541AD39E2}.Release|Any CPU.Build.0 = Release|Any CPU
	EndGlobalSection
	GlobalSection(SolutionProperties) = preSolution
		HideSolutionNode = FALSE
	EndGlobalSection
	GlobalSection(ExtensibilityGlobals) = postSolution
		SolutionGuid = {A392F6AF-CBCC-45DF-9E58-072866BBDF84}
	EndGlobalSection
EndGlobal
